// !$*UTF8*$!
{
	archiveVersion = 1;
	classes = {
	};
	objectVersion = 46;
	objects = {

/* Begin PBXBuildFile section */
		6F12A72020D17327001BC222 /* blur.cpp in Sources */ = {isa = PBXBuildFile; fileRef = 6F12A71E20D17327001BC222 /* blur.cpp */; };
		6F12A72620D943E7001BC222 /* sub_bg.cpp in Sources */ = {isa = PBXBuildFile; fileRef = 6F12A72420D943E7001BC222 /* sub_bg.cpp */; };
		6F24E49F21110761002C62AA /* try_convex_hull.cpp in Sources */ = {isa = PBXBuildFile; fileRef = 6F24E49D21110761002C62AA /* try_convex_hull.cpp */; };
		6F38D16020FCE87F0054B712 /* sub_bg_image.cpp in Sources */ = {isa = PBXBuildFile; fileRef = 6F38D15E20FCE87F0054B712 /* sub_bg_image.cpp */; };
		6F5C641220E2808A00DE2108 /* algorithm _evaluation.cpp in Sources */ = {isa = PBXBuildFile; fileRef = 6F5C641020E2808A00DE2108 /* algorithm _evaluation.cpp */; };
		6FAD24EC2126158700012DEE /* find_head.cpp in Sources */ = {isa = PBXBuildFile; fileRef = 6FAD24EA2126158700012DEE /* find_head.cpp */; };
		6FD9A90720D16910004A19B2 /* main.cpp in Sources */ = {isa = PBXBuildFile; fileRef = 6FD9A90620D16910004A19B2 /* main.cpp */; };
		6FE5174C20E6728400BB367A /* change_reference.cpp in Sources */ = {isa = PBXBuildFile; fileRef = 6FE5174A20E6728400BB367A /* change_reference.cpp */; };
/* End PBXBuildFile section */

/* Begin PBXCopyFilesBuildPhase section */
		6FF3702720C8252F00DF1E6A /* CopyFiles */ = {
			isa = PBXCopyFilesBuildPhase;
			buildActionMask = 2147483647;
			dstPath = /usr/share/man/man1/;
			dstSubfolderSpec = 0;
			files = (
			);
			runOnlyForDeploymentPostprocessing = 1;
		};
/* End PBXCopyFilesBuildPhase section */

/* Begin PBXFileReference section */
		6F12A71E20D17327001BC222 /* blur.cpp */ = {isa = PBXFileReference; fileEncoding = 4; lastKnownFileType = sourcecode.cpp.cpp; path = blur.cpp; sourceTree = "<group>"; };
		6F12A71F20D17327001BC222 /* blur.hpp */ = {isa = PBXFileReference; fileEncoding = 4; lastKnownFileType = sourcecode.cpp.h; path = blur.hpp; sourceTree = "<group>"; };
		6F12A72420D943E7001BC222 /* sub_bg.cpp */ = {isa = PBXFileReference; fileEncoding = 4; lastKnownFileType = sourcecode.cpp.cpp; path = sub_bg.cpp; sourceTree = "<group>"; };
		6F12A72520D943E7001BC222 /* sub_bg.hpp */ = {isa = PBXFileReference; fileEncoding = 4; lastKnownFileType = sourcecode.cpp.h; path = sub_bg.hpp; sourceTree = "<group>"; };
		6F24E49D21110761002C62AA /* try_convex_hull.cpp */ = {isa = PBXFileReference; fileEncoding = 4; lastKnownFileType = sourcecode.cpp.cpp; path = try_convex_hull.cpp; sourceTree = "<group>"; };
		6F24E49E21110761002C62AA /* try_convex_hull.hpp */ = {isa = PBXFileReference; fileEncoding = 4; lastKnownFileType = sourcecode.cpp.h; path = try_convex_hull.hpp; sourceTree = "<group>"; };
		6F38D15E20FCE87F0054B712 /* sub_bg_image.cpp */ = {isa = PBXFileReference; fileEncoding = 4; lastKnownFileType = sourcecode.cpp.cpp; path = sub_bg_image.cpp; sourceTree = "<group>"; };
		6F38D15F20FCE87F0054B712 /* sub_bg_image.hpp */ = {isa = PBXFileReference; fileEncoding = 4; lastKnownFileType = sourcecode.cpp.h; path = sub_bg_image.hpp; sourceTree = "<group>"; };
		6F5C641020E2808A00DE2108 /* algorithm _evaluation.cpp */ = {isa = PBXFileReference; fileEncoding = 4; lastKnownFileType = sourcecode.cpp.cpp; path = "algorithm _evaluation.cpp"; sourceTree = "<group>"; };
		6F5C641120E2808A00DE2108 /* algorithm _evaluation.hpp */ = {isa = PBXFileReference; fileEncoding = 4; lastKnownFileType = sourcecode.cpp.h; path = "algorithm _evaluation.hpp"; sourceTree = "<group>"; };
		6FAD24EA2126158700012DEE /* find_head.cpp */ = {isa = PBXFileReference; fileEncoding = 4; lastKnownFileType = sourcecode.cpp.cpp; path = find_head.cpp; sourceTree = "<group>"; };
		6FAD24EB2126158700012DEE /* find_head.hpp */ = {isa = PBXFileReference; fileEncoding = 4; lastKnownFileType = sourcecode.cpp.h; path = find_head.hpp; sourceTree = "<group>"; };
		6FD9A90620D16910004A19B2 /* main.cpp */ = {isa = PBXFileReference; fileEncoding = 4; lastKnownFileType = sourcecode.cpp.cpp; path = main.cpp; sourceTree = "<group>"; };
		6FE5174A20E6728400BB367A /* change_reference.cpp */ = {isa = PBXFileReference; fileEncoding = 4; lastKnownFileType = sourcecode.cpp.cpp; path = change_reference.cpp; sourceTree = "<group>"; };
		6FE5174B20E6728400BB367A /* change_reference.hpp */ = {isa = PBXFileReference; fileEncoding = 4; lastKnownFileType = sourcecode.cpp.h; path = change_reference.hpp; sourceTree = "<group>"; };
		6FF3702920C8252F00DF1E6A /* rat_track */ = {isa = PBXFileReference; explicitFileType = "compiled.mach-o.executable"; includeInIndex = 0; path = rat_track; sourceTree = BUILT_PRODUCTS_DIR; };
/* End PBXFileReference section */

/* Begin PBXFrameworksBuildPhase section */
		6FF3702620C8252F00DF1E6A /* Frameworks */ = {
			isa = PBXFrameworksBuildPhase;
			buildActionMask = 2147483647;
			files = (
			);
			runOnlyForDeploymentPostprocessing = 0;
		};
/* End PBXFrameworksBuildPhase section */

/* Begin PBXGroup section */
		6FF3702020C8252F00DF1E6A = {
			isa = PBXGroup;
			children = (
				6FF3702B20C8252F00DF1E6A /* rat_track */,
				6FF3702A20C8252F00DF1E6A /* Products */,
			);
			sourceTree = "<group>";
		};
		6FF3702A20C8252F00DF1E6A /* Products */ = {
			isa = PBXGroup;
			children = (
				6FF3702920C8252F00DF1E6A /* rat_track */,
			);
			name = Products;
			sourceTree = "<group>";
		};
		6FF3702B20C8252F00DF1E6A /* rat_track */ = {
			isa = PBXGroup;
			children = (
				6FD9A90620D16910004A19B2 /* main.cpp */,
				6F12A71E20D17327001BC222 /* blur.cpp */,
				6F12A71F20D17327001BC222 /* blur.hpp */,
				6F12A72420D943E7001BC222 /* sub_bg.cpp */,
				6F12A72520D943E7001BC222 /* sub_bg.hpp */,
				6F5C641020E2808A00DE2108 /* algorithm _evaluation.cpp */,
				6F5C641120E2808A00DE2108 /* algorithm _evaluation.hpp */,
				6FE5174A20E6728400BB367A /* change_reference.cpp */,
				6FE5174B20E6728400BB367A /* change_reference.hpp */,
				6F38D15E20FCE87F0054B712 /* sub_bg_image.cpp */,
				6F38D15F20FCE87F0054B712 /* sub_bg_image.hpp */,
				6F24E49D21110761002C62AA /* try_convex_hull.cpp */,
				6F24E49E21110761002C62AA /* try_convex_hull.hpp */,
				6FAD24EA2126158700012DEE /* find_head.cpp */,
				6FAD24EB2126158700012DEE /* find_head.hpp */,
			);
			path = rat_track;
			sourceTree = "<group>";
		};
/* End PBXGroup section */

/* Begin PBXNativeTarget section */
		6FF3702820C8252F00DF1E6A /* rat_track */ = {
			isa = PBXNativeTarget;
			buildConfigurationList = 6FF3703020C8252F00DF1E6A /* Build configuration list for PBXNativeTarget "rat_track" */;
			buildPhases = (
				6FF3702520C8252F00DF1E6A /* Sources */,
				6FF3702620C8252F00DF1E6A /* Frameworks */,
				6FF3702720C8252F00DF1E6A /* CopyFiles */,
			);
			buildRules = (
			);
			dependencies = (
			);
			name = rat_track;
			productName = rat_track;
			productReference = 6FF3702920C8252F00DF1E6A /* rat_track */;
			productType = "com.apple.product-type.tool";
		};
/* End PBXNativeTarget section */

/* Begin PBXProject section */
		6FF3702120C8252F00DF1E6A /* Project object */ = {
			isa = PBXProject;
			attributes = {
				LastUpgradeCheck = 0720;
				ORGANIZATIONNAME = "Zun Wang";
				TargetAttributes = {
					6FF3702820C8252F00DF1E6A = {
						CreatedOnToolsVersion = 7.2;
					};
				};
			};
			buildConfigurationList = 6FF3702420C8252F00DF1E6A /* Build configuration list for PBXProject "rat_track" */;
			compatibilityVersion = "Xcode 3.2";
			developmentRegion = English;
			hasScannedForEncodings = 0;
			knownRegions = (
				en,
			);
			mainGroup = 6FF3702020C8252F00DF1E6A;
			productRefGroup = 6FF3702A20C8252F00DF1E6A /* Products */;
			projectDirPath = "";
			projectRoot = "";
			targets = (
				6FF3702820C8252F00DF1E6A /* rat_track */,
			);
		};
/* End PBXProject section */

/* Begin PBXSourcesBuildPhase section */
		6FF3702520C8252F00DF1E6A /* Sources */ = {
			isa = PBXSourcesBuildPhase;
			buildActionMask = 2147483647;
			files = (
				6FAD24EC2126158700012DEE /* find_head.cpp in Sources */,
				6F38D16020FCE87F0054B712 /* sub_bg_image.cpp in Sources */,
				6F24E49F21110761002C62AA /* try_convex_hull.cpp in Sources */,
				6F5C641220E2808A00DE2108 /* algorithm _evaluation.cpp in Sources */,
				6FD9A90720D16910004A19B2 /* main.cpp in Sources */,
				6F12A72020D17327001BC222 /* blur.cpp in Sources */,
				6FE5174C20E6728400BB367A /* change_reference.cpp in Sources */,
				6F12A72620D943E7001BC222 /* sub_bg.cpp in Sources */,
			);
			runOnlyForDeploymentPostprocessing = 0;
		};
/* End PBXSourcesBuildPhase section */

/* Begin XCBuildConfiguration section */
		6FF3702E20C8252F00DF1E6A /* Debug */ = {
			isa = XCBuildConfiguration;
			buildSettings = {
				ALWAYS_SEARCH_USER_PATHS = NO;
				CLANG_CXX_LANGUAGE_STANDARD = "gnu++0x";
				CLANG_CXX_LIBRARY = "libc++";
				CLANG_ENABLE_MODULES = YES;
				CLANG_ENABLE_OBJC_ARC = YES;
				CLANG_WARN_BOOL_CONVERSION = YES;
				CLANG_WARN_CONSTANT_CONVERSION = YES;
				CLANG_WARN_DIRECT_OBJC_ISA_USAGE = YES_ERROR;
				CLANG_WARN_EMPTY_BODY = YES;
				CLANG_WARN_ENUM_CONVERSION = YES;
				CLANG_WARN_INT_CONVERSION = YES;
				CLANG_WARN_OBJC_ROOT_CLASS = YES_ERROR;
				CLANG_WARN_UNREACHABLE_CODE = YES;
				CLANG_WARN__DUPLICATE_METHOD_MATCH = YES;
				CODE_SIGN_IDENTITY = "-";
				COPY_PHASE_STRIP = NO;
				DEBUG_INFORMATION_FORMAT = dwarf;
				ENABLE_STRICT_OBJC_MSGSEND = YES;
				ENABLE_TESTABILITY = YES;
				GCC_C_LANGUAGE_STANDARD = gnu99;
				GCC_DYNAMIC_NO_PIC = NO;
				GCC_NO_COMMON_BLOCKS = YES;
				GCC_OPTIMIZATION_LEVEL = 0;
				GCC_PREPROCESSOR_DEFINITIONS = (
					"DEBUG=1",
					"$(inherited)",
				);
				GCC_WARN_64_TO_32_BIT_CONVERSION = YES;
				GCC_WARN_ABOUT_RETURN_TYPE = YES_ERROR;
				GCC_WARN_UNDECLARED_SELECTOR = YES;
				GCC_WARN_UNINITIALIZED_AUTOS = YES_AGGRESSIVE;
				GCC_WARN_UNUSED_FUNCTION = YES;
				GCC_WARN_UNUSED_VARIABLE = YES;
				MACOSX_DEPLOYMENT_TARGET = 10.10;
				MTL_ENABLE_DEBUG_INFO = YES;
				ONLY_ACTIVE_ARCH = YES;
				SDKROOT = macosx;
			};
			name = Debug;
		};
		6FF3702F20C8252F00DF1E6A /* Release */ = {
			isa = XCBuildConfiguration;
			buildSettings = {
				ALWAYS_SEARCH_USER_PATHS = NO;
				CLANG_CXX_LANGUAGE_STANDARD = "gnu++0x";
				CLANG_CXX_LIBRARY = "libc++";
				CLANG_ENABLE_MODULES = YES;
				CLANG_ENABLE_OBJC_ARC = YES;
				CLANG_WARN_BOOL_CONVERSION = YES;
				CLANG_WARN_CONSTANT_CONVERSION = YES;
				CLANG_WARN_DIRECT_OBJC_ISA_USAGE = YES_ERROR;
				CLANG_WARN_EMPTY_BODY = YES;
				CLANG_WARN_ENUM_CONVERSION = YES;
				CLANG_WARN_INT_CONVERSION = YES;
				CLANG_WARN_OBJC_ROOT_CLASS = YES_ERROR;
				CLANG_WARN_UNREACHABLE_CODE = YES;
				CLANG_WARN__DUPLICATE_METHOD_MATCH = YES;
				CODE_SIGN_IDENTITY = "-";
				COPY_PHASE_STRIP = NO;
				DEBUG_INFORMATION_FORMAT = "dwarf-with-dsym";
				ENABLE_NS_ASSERTIONS = NO;
				ENABLE_STRICT_OBJC_MSGSEND = YES;
				GCC_C_LANGUAGE_STANDARD = gnu99;
				GCC_NO_COMMON_BLOCKS = YES;
				GCC_WARN_64_TO_32_BIT_CONVERSION = YES;
				GCC_WARN_ABOUT_RETURN_TYPE = YES_ERROR;
				GCC_WARN_UNDECLARED_SELECTOR = YES;
				GCC_WARN_UNINITIALIZED_AUTOS = YES_AGGRESSIVE;
				GCC_WARN_UNUSED_FUNCTION = YES;
				GCC_WARN_UNUSED_VARIABLE = YES;
				MACOSX_DEPLOYMENT_TARGET = 10.10;
				MTL_ENABLE_DEBUG_INFO = NO;
				SDKROOT = macosx;
			};
			name = Release;
		};
		6FF3703120C8252F00DF1E6A /* Debug */ = {
			isa = XCBuildConfiguration;
			buildSettings = {
				"HEADER_SEARCH_PATHS[arch=*]" = /usr/local/Cellar/opencv/3.4.1_5/include;
				"LIBRARY_SEARCH_PATHS[arch=*]" = /usr/local/Cellar/opencv/3.4.1_5/lib;
				"OTHER_LDFLAGS[arch=*]" = (
					"-lopencv_stitching",
					"-lopencv_superres",
					"-lopencv_videostab",
					"-lopencv_aruco",
					"-lopencv_bgsegm",
					"-lopencv_bioinspired",
					"-lopencv_ccalib",
					"-lopencv_dnn_objdetect",
					"-lopencv_dpm",
					"-lopencv_face",
					"-lopencv_photo",
					"-lopencv_fuzzy",
					"-lopencv_hfs",
					"-lopencv_img_hash",
					"-lopencv_line_descriptor",
					"-lopencv_optflow",
					"-lopencv_reg",
					"-lopencv_rgbd",
					"-lopencv_saliency",
					"-lopencv_stereo",
					"-lopencv_structured_light",
					"-lopencv_phase_unwrapping",
					"-lopencv_surface_matching",
					"-lopencv_tracking",
					"-lopencv_datasets",
					"-lopencv_dnn",
					"-lopencv_plot",
					"-lopencv_xfeatures2d",
					"-lopencv_shape",
					"-lopencv_video",
					"-lopencv_ml",
					"-lopencv_ximgproc",
					"-lopencv_calib3d",
					"-lopencv_features2d",
					"-lopencv_highgui",
					"-lopencv_videoio",
					"-lopencv_flann",
					"-lopencv_xobjdetect",
					"-lopencv_imgcodecs",
					"-lopencv_objdetect",
					"-lopencv_xphoto",
					"-lopencv_imgproc",
					"-lopencv_core",
				);
				PRODUCT_NAME = "$(TARGET_NAME)";
			};
			name = Debug;
		};
		6FF3703220C8252F00DF1E6A /* Release */ = {
			isa = XCBuildConfiguration;
			buildSettings = {
				PRODUCT_NAME = "$(TARGET_NAME)";
			};
			name = Release;
		};
/* End XCBuildConfiguration section */

/* Begin XCConfigurationList section */
		6FF3702420C8252F00DF1E6A /* Build configuration list for PBXProject "rat_track" */ = {
			isa = XCConfigurationList;
			buildConfigurations = (
				6FF3702E20C8252F00DF1E6A /* Debug */,
				6FF3702F20C8252F00DF1E6A /* Release */,
			);
			defaultConfigurationIsVisible = 0;
			defaultConfigurationName = Release;
		};
		6FF3703020C8252F00DF1E6A /* Build configuration list for PBXNativeTarget "rat_track" */ = {
			isa = XCConfigurationList;
			buildConfigurations = (
				6FF3703120C8252F00DF1E6A /* Debug */,
				6FF3703220C8252F00DF1E6A /* Release */,
			);
			defaultConfigurationIsVisible = 0;
			defaultConfigurationName = Release;
		};
/* End XCConfigurationList section */
	};
	rootObject = 6FF3702120C8252F00DF1E6A /* Project object */;
}
